{
  "name": "astro-wcc",
  "version": "0.0.1",
  "lockfileVersion": 2,
  "requires": true,
  "packages": {
    "": {
      "name": "astro-wcc",
      "version": "0.0.1",
      "license": "MIT",
      "dependencies": {
        "wc-compiler": "^0.13.0"
      }
    },
    "node_modules/@projectevergreen/acorn-jsx-esm": {
      "version": "0.1.0",
      "resolved": "https://registry.npmjs.org/@projectevergreen/acorn-jsx-esm/-/acorn-jsx-esm-0.1.0.tgz",
      "integrity": "sha512-ZBSkr0e2M4ylq74dTGHSkWI2dF3Mz8zwBLyzIXZMftecKDADcsCTj7bWltVgtdl8Rh4+bmY1jNWUw7AlSV/r7A==",
      "peerDependencies": {
        "acorn": "^6.0.0 || ^7.0.0 || ^8.0.0"
      }
    },
    "node_modules/@projectevergreen/escodegen-esm": {
      "version": "0.1.0",
      "resolved": "https://registry.npmjs.org/@projectevergreen/escodegen-esm/-/escodegen-esm-0.1.0.tgz",
      "integrity": "sha512-LM9FFffsXPHiOFt78K3bgF8kO8Fx+qluAPy9jP3H4lvCFE+2nbwQM4cWdOpVik++rHf4pkDA7FxDPWWATyBABg==",
      "dependencies": {
        "esprima": "^4.0.1",
        "estraverse": "^5.2.0",
        "esutils": "^2.0.2"
      },
      "bin": {
        "escodegen": "bin/escodegen.js",
        "esgenerate": "bin/esgenerate.js"
      },
      "engines": {
        "node": ">=6.0"
      },
      "optionalDependencies": {
        "source-map": "~0.6.1"
      }
    },
    "node_modules/acorn": {
      "version": "8.11.3",
      "resolved": "https://registry.npmjs.org/acorn/-/acorn-8.11.3.tgz",
      "integrity": "sha512-Y9rRfJG5jcKOE0CLisYbojUjIrIEE7AGMzA/Sm4BslANhbS+cDMpgBdcPT91oJ7OuJ9hYJBx59RjbhxVnrF8Xg==",
      "bin": {
        "acorn": "bin/acorn"
      },
      "engines": {
        "node": ">=0.4.0"
      }
    },
    "node_modules/acorn-import-attributes": {
      "version": "1.9.5",
      "resolved": "https://registry.npmjs.org/acorn-import-attributes/-/acorn-import-attributes-1.9.5.tgz",
      "integrity": "sha512-n02Vykv5uA3eHGM/Z2dQrcD56kL8TyDb2p1+0P83PClMnC/nc+anbQRhIOWnSq4Ke/KvDPrY3C9hDtC/A3eHnQ==",
      "peerDependencies": {
        "acorn": "^8"
      }
    },
    "node_modules/acorn-walk": {
      "version": "8.3.2",
      "resolved": "https://registry.npmjs.org/acorn-walk/-/acorn-walk-8.3.2.tgz",
      "integrity": "sha512-cjkyv4OtNCIeqhHrfS81QWXoCBPExR/J62oyEqepVw8WaQeSqpW2uhuLPh1m9eWhDuOo/jUXVTlifvesOWp/4A==",
      "engines": {
        "node": ">=0.4.0"
      }
    },
    "node_modules/esprima": {
      "version": "4.0.1",
      "resolved": "https://registry.npmjs.org/esprima/-/esprima-4.0.1.tgz",
      "integrity": "sha512-eGuFFw7Upda+g4p+QHvnW0RyTX/SVeJBDM/gCtMARO0cLuT2HcEKnTPvhjV6aGeqrCB/sbNop0Kszm0jsaWU4A==",
      "bin": {
        "esparse": "bin/esparse.js",
        "esvalidate": "bin/esvalidate.js"
      },
      "engines": {
        "node": ">=4"
      }
    },
    "node_modules/estraverse": {
      "version": "5.3.0",
      "resolved": "https://registry.npmjs.org/estraverse/-/estraverse-5.3.0.tgz",
      "integrity": "sha512-MMdARuVEQziNTeJD8DgMqmhwR11BRQ/cBP+pLtYdSTnf3MIO8fFeiINEbX36ZdNlfU/7A9f3gUw49B3oQsvwBA==",
      "engines": {
        "node": ">=4.0"
      }
    },
    "node_modules/esutils": {
      "version": "2.0.3",
      "resolved": "https://registry.npmjs.org/esutils/-/esutils-2.0.3.tgz",
      "integrity": "sha512-kVscqXk4OCp68SZ0dkgEKVi6/8ij300KBWTJq32P/dYeWTSwK41WyTxalN1eRmA5Z9UU/LX9D7FWSmV9SAYx6g==",
      "engines": {
        "node": ">=0.10.0"
      }
    },
    "node_modules/parse5": {
      "version": "6.0.1",
      "resolved": "https://registry.npmjs.org/parse5/-/parse5-6.0.1.tgz",
      "integrity": "sha512-Ofn/CTFzRGTTxwpNEs9PP93gXShHcTq255nzRYSKe8AkVpZY7e1fpmTfOyoIvjP5HG7Z2ZM7VS9PPhQGW2pOpw=="
    },
    "node_modules/source-map": {
      "version": "0.6.1",
      "resolved": "https://registry.npmjs.org/source-map/-/source-map-0.6.1.tgz",
      "integrity": "sha512-UjgapumWlbMhkBgzT7Ykc5YXUT46F0iKu8SGXq0bcwP5dz/h0Plj6enJqjz1Zbq2l5WaqYnrVbwWOWMyF3F47g==",
      "optional": true,
      "engines": {
        "node": ">=0.10.0"
      }
    },
    "node_modules/wc-compiler": {
      "version": "0.13.0",
      "resolved": "https://registry.npmjs.org/wc-compiler/-/wc-compiler-0.13.0.tgz",
      "integrity": "sha512-yyFr9MqBrlLM0vEWLL5fHTHgmM66R9BCStIqH8mFA3iJ9EKRk8hRb+wBzDSIE3B6TLsgxYKMPX3fy6ftiujNKg==",
      "dependencies": {
        "@projectevergreen/acorn-jsx-esm": "~0.1.0",
        "@projectevergreen/escodegen-esm": "~0.1.0",
        "acorn": "^8.7.0",
        "acorn-import-attributes": "^1.9.5",
        "acorn-walk": "^8.2.0",
        "parse5": "^6.0.1"
      },
      "engines": {
        "node": ">=14"
      }
    }
  },
  "dependencies": {
    "@projectevergreen/acorn-jsx-esm": {
      "version": "0.1.0",
      "resolved": "https://registry.npmjs.org/@projectevergreen/acorn-jsx-esm/-/acorn-jsx-esm-0.1.0.tgz",
      "integrity": "sha512-ZBSkr0e2M4ylq74dTGHSkWI2dF3Mz8zwBLyzIXZMftecKDADcsCTj7bWltVgtdl8Rh4+bmY1jNWUw7AlSV/r7A==",
      "requires": {}
    },
    "@projectevergreen/escodegen-esm": {
      "version": "0.1.0",
      "resolved": "https://registry.npmjs.org/@projectevergreen/escodegen-esm/-/escodegen-esm-0.1.0.tgz",
      "integrity": "sha512-LM9FFffsXPHiOFt78K3bgF8kO8Fx+qluAPy9jP3H4lvCFE+2nbwQM4cWdOpVik++rHf4pkDA7FxDPWWATyBABg==",
      "requires": {
        "esprima": "^4.0.1",
        "estraverse": "^5.2.0",
        "esutils": "^2.0.2",
        "source-map": "~0.6.1"
      }
    },
    "acorn": {
      "version": "8.11.3",
      "resolved": "https://registry.npmjs.org/acorn/-/acorn-8.11.3.tgz",
      "integrity": "sha512-Y9rRfJG5jcKOE0CLisYbojUjIrIEE7AGMzA/Sm4BslANhbS+cDMpgBdcPT91oJ7OuJ9hYJBx59RjbhxVnrF8Xg=="
    },
    "acorn-import-attributes": {
      "version": "1.9.5",
      "resolved": "https://registry.npmjs.org/acorn-import-attributes/-/acorn-import-attributes-1.9.5.tgz",
      "integrity": "sha512-n02Vykv5uA3eHGM/Z2dQrcD56kL8TyDb2p1+0P83PClMnC/nc+anbQRhIOWnSq4Ke/KvDPrY3C9hDtC/A3eHnQ==",
      "requires": {}
    },
    "acorn-walk": {
      "version": "8.3.2",
      "resolved": "https://registry.npmjs.org/acorn-walk/-/acorn-walk-8.3.2.tgz",
      "integrity": "sha512-cjkyv4OtNCIeqhHrfS81QWXoCBPExR/J62oyEqepVw8WaQeSqpW2uhuLPh1m9eWhDuOo/jUXVTlifvesOWp/4A=="
    },
    "esprima": {
      "version": "4.0.1",
      "resolved": "https://registry.npmjs.org/esprima/-/esprima-4.0.1.tgz",
      "integrity": "sha512-eGuFFw7Upda+g4p+QHvnW0RyTX/SVeJBDM/gCtMARO0cLuT2HcEKnTPvhjV6aGeqrCB/sbNop0Kszm0jsaWU4A=="
    },
    "estraverse": {
      "version": "5.3.0",
      "resolved": "https://registry.npmjs.org/estraverse/-/estraverse-5.3.0.tgz",
      "integrity": "sha512-MMdARuVEQziNTeJD8DgMqmhwR11BRQ/cBP+pLtYdSTnf3MIO8fFeiINEbX36ZdNlfU/7A9f3gUw49B3oQsvwBA=="
    },
    "esutils": {
      "version": "2.0.3",
      "resolved": "https://registry.npmjs.org/esutils/-/esutils-2.0.3.tgz",
      "integrity": "sha512-kVscqXk4OCp68SZ0dkgEKVi6/8ij300KBWTJq32P/dYeWTSwK41WyTxalN1eRmA5Z9UU/LX9D7FWSmV9SAYx6g=="
    },
    "parse5": {
      "version": "6.0.1",
      "resolved": "https://registry.npmjs.org/parse5/-/parse5-6.0.1.tgz",
      "integrity": "sha512-Ofn/CTFzRGTTxwpNEs9PP93gXShHcTq255nzRYSKe8AkVpZY7e1fpmTfOyoIvjP5HG7Z2ZM7VS9PPhQGW2pOpw=="
    },
    "source-map": {
      "version": "0.6.1",
      "resolved": "https://registry.npmjs.org/source-map/-/source-map-0.6.1.tgz",
      "integrity": "sha512-UjgapumWlbMhkBgzT7Ykc5YXUT46F0iKu8SGXq0bcwP5dz/h0Plj6enJqjz1Zbq2l5WaqYnrVbwWOWMyF3F47g==",
      "optional": true
    },
    "wc-compiler": {
      "version": "0.13.0",
      "resolved": "https://registry.npmjs.org/wc-compiler/-/wc-compiler-0.13.0.tgz",
      "integrity": "sha512-yyFr9MqBrlLM0vEWLL5fHTHgmM66R9BCStIqH8mFA3iJ9EKRk8hRb+wBzDSIE3B6TLsgxYKMPX3fy6ftiujNKg==",
      "requires": {
        "@projectevergreen/acorn-jsx-esm": "~0.1.0",
        "@projectevergreen/escodegen-esm": "~0.1.0",
        "acorn": "^8.7.0",
        "acorn-import-attributes": "^1.9.5",
        "acorn-walk": "^8.2.0",
        "parse5": "^6.0.1"
      }
    }
  }
}
